// !$*UTF8*$!
{
	archiveVersion = 1;
	classes = {
	};
	objectVersion = 56;
	objects = {

/* Begin PBXBuildFile section */
		11A5D10646EA5F7389D0C282 /* Pods_CarRacing.framework in Frameworks */ = {isa = PBXBuildFile; fileRef = 1147A1E172391898F088B5E7 /* Pods_CarRacing.framework */; };
		430E81DE2B7570FF0007004D /* StartView.swift in Sources */ = {isa = PBXBuildFile; fileRef = 430E81DD2B7570FF0007004D /* StartView.swift */; };
		432EF1C22B77D2C800FF771B /* RaceViewController.swift in Sources */ = {isa = PBXBuildFile; fileRef = 432EF1C12B77D2C800FF771B /* RaceViewController.swift */; };
		432EF1C62B77D73E00FF771B /* SettingsViewController.swift in Sources */ = {isa = PBXBuildFile; fileRef = 432EF1C52B77D73E00FF771B /* SettingsViewController.swift */; };
		432EF1C82B77D76600FF771B /* RecordsViewController.swift in Sources */ = {isa = PBXBuildFile; fileRef = 432EF1C72B77D76600FF771B /* RecordsViewController.swift */; };
		432EF1CC2B821B2A00FF771B /* String.swift in Sources */ = {isa = PBXBuildFile; fileRef = 432EF1CB2B821B2900FF771B /* String.swift */; };
		432EF1D12B825FBD00FF771B /* CGFloat.swift in Sources */ = {isa = PBXBuildFile; fileRef = 432EF1D02B825FBD00FF771B /* CGFloat.swift */; };
		432EF1D32B82632E00FF771B /* UIFont.swift in Sources */ = {isa = PBXBuildFile; fileRef = 432EF1D22B82632E00FF771B /* UIFont.swift */; };
		432EF1D72B8518E600FF771B /* Double.swift in Sources */ = {isa = PBXBuildFile; fileRef = 432EF1D62B8518E600FF771B /* Double.swift */; };
		432EF2052B8A85CA00FF771B /* UserDataModel.swift in Sources */ = {isa = PBXBuildFile; fileRef = 432EF2042B8A85CA00FF771B /* UserDataModel.swift */; };
		434E8D912B8B9810004816BC /* RecordsAPI.swift in Sources */ = {isa = PBXBuildFile; fileRef = 434E8D902B8B9810004816BC /* RecordsAPI.swift */; };
		434E8D932B8B9B27004816BC /* RecordTableViewCell.swift in Sources */ = {isa = PBXBuildFile; fileRef = 434E8D922B8B9B27004816BC /* RecordTableViewCell.swift */; };
		439F5B222B7545FF00C0BB35 /* AppDelegate.swift in Sources */ = {isa = PBXBuildFile; fileRef = 439F5B212B7545FF00C0BB35 /* AppDelegate.swift */; };
		439F5B242B7545FF00C0BB35 /* SceneDelegate.swift in Sources */ = {isa = PBXBuildFile; fileRef = 439F5B232B7545FF00C0BB35 /* SceneDelegate.swift */; };
		439F5B262B7545FF00C0BB35 /* StartViewController.swift in Sources */ = {isa = PBXBuildFile; fileRef = 439F5B252B7545FF00C0BB35 /* StartViewController.swift */; };
		439F5B2B2B75460000C0BB35 /* Assets.xcassets in Resources */ = {isa = PBXBuildFile; fileRef = 439F5B2A2B75460000C0BB35 /* Assets.xcassets */; };
		439F5B2E2B75460000C0BB35 /* LaunchScreen.storyboard in Resources */ = {isa = PBXBuildFile; fileRef = 439F5B2C2B75460000C0BB35 /* LaunchScreen.storyboard */; };
/* End PBXBuildFile section */

/* Begin PBXFileReference section */
		1147A1E172391898F088B5E7 /* Pods_CarRacing.framework */ = {isa = PBXFileReference; explicitFileType = wrapper.framework; includeInIndex = 0; path = Pods_CarRacing.framework; sourceTree = BUILT_PRODUCTS_DIR; };
		359D411BB49EF86784AD5A16 /* Pods-CarRacing.release.xcconfig */ = {isa = PBXFileReference; includeInIndex = 1; lastKnownFileType = text.xcconfig; name = "Pods-CarRacing.release.xcconfig"; path = "Target Support Files/Pods-CarRacing/Pods-CarRacing.release.xcconfig"; sourceTree = "<group>"; };
		430E81DD2B7570FF0007004D /* StartView.swift */ = {isa = PBXFileReference; lastKnownFileType = sourcecode.swift; path = StartView.swift; sourceTree = "<group>"; };
		432EF1C12B77D2C800FF771B /* RaceViewController.swift */ = {isa = PBXFileReference; lastKnownFileType = sourcecode.swift; path = RaceViewController.swift; sourceTree = "<group>"; };
		432EF1C52B77D73E00FF771B /* SettingsViewController.swift */ = {isa = PBXFileReference; lastKnownFileType = sourcecode.swift; path = SettingsViewController.swift; sourceTree = "<group>"; };
		432EF1C72B77D76600FF771B /* RecordsViewController.swift */ = {isa = PBXFileReference; lastKnownFileType = sourcecode.swift; path = RecordsViewController.swift; sourceTree = "<group>"; };
		432EF1CB2B821B2900FF771B /* String.swift */ = {isa = PBXFileReference; lastKnownFileType = sourcecode.swift; path = String.swift; sourceTree = "<group>"; };
		432EF1D02B825FBD00FF771B /* CGFloat.swift */ = {isa = PBXFileReference; lastKnownFileType = sourcecode.swift; path = CGFloat.swift; sourceTree = "<group>"; };
		432EF1D22B82632E00FF771B /* UIFont.swift */ = {isa = PBXFileReference; lastKnownFileType = sourcecode.swift; path = UIFont.swift; sourceTree = "<group>"; };
		432EF1D62B8518E600FF771B /* Double.swift */ = {isa = PBXFileReference; lastKnownFileType = sourcecode.swift; path = Double.swift; sourceTree = "<group>"; };
		432EF2042B8A85CA00FF771B /* UserDataModel.swift */ = {isa = PBXFileReference; lastKnownFileType = sourcecode.swift; path = UserDataModel.swift; sourceTree = "<group>"; };
		434E8D902B8B9810004816BC /* RecordsAPI.swift */ = {isa = PBXFileReference; lastKnownFileType = sourcecode.swift; path = RecordsAPI.swift; sourceTree = "<group>"; };
		434E8D922B8B9B27004816BC /* RecordTableViewCell.swift */ = {isa = PBXFileReference; lastKnownFileType = sourcecode.swift; path = RecordTableViewCell.swift; sourceTree = "<group>"; };
		439F5B1E2B7545FF00C0BB35 /* CarRacing.app */ = {isa = PBXFileReference; explicitFileType = wrapper.application; includeInIndex = 0; path = CarRacing.app; sourceTree = BUILT_PRODUCTS_DIR; };
		439F5B212B7545FF00C0BB35 /* AppDelegate.swift */ = {isa = PBXFileReference; lastKnownFileType = sourcecode.swift; path = AppDelegate.swift; sourceTree = "<group>"; };
		439F5B232B7545FF00C0BB35 /* SceneDelegate.swift */ = {isa = PBXFileReference; lastKnownFileType = sourcecode.swift; path = SceneDelegate.swift; sourceTree = "<group>"; };
		439F5B252B7545FF00C0BB35 /* StartViewController.swift */ = {isa = PBXFileReference; lastKnownFileType = sourcecode.swift; path = StartViewController.swift; sourceTree = "<group>"; };
		439F5B2A2B75460000C0BB35 /* Assets.xcassets */ = {isa = PBXFileReference; lastKnownFileType = folder.assetcatalog; path = Assets.xcassets; sourceTree = "<group>"; };
		439F5B2D2B75460000C0BB35 /* Base */ = {isa = PBXFileReference; lastKnownFileType = file.storyboard; name = Base; path = Base.lproj/LaunchScreen.storyboard; sourceTree = "<group>"; };
		439F5B2F2B75460000C0BB35 /* Info.plist */ = {isa = PBXFileReference; lastKnownFileType = text.plist.xml; path = Info.plist; sourceTree = "<group>"; };
		F8CAE8CD0C316F2554054835 /* Pods-CarRacing.debug.xcconfig */ = {isa = PBXFileReference; includeInIndex = 1; lastKnownFileType = text.xcconfig; name = "Pods-CarRacing.debug.xcconfig"; path = "Target Support Files/Pods-CarRacing/Pods-CarRacing.debug.xcconfig"; sourceTree = "<group>"; };
/* End PBXFileReference section */

/* Begin PBXFrameworksBuildPhase section */
		439F5B1B2B7545FF00C0BB35 /* Frameworks */ = {
			isa = PBXFrameworksBuildPhase;
			buildActionMask = 2147483647;
			files = (
				11A5D10646EA5F7389D0C282 /* Pods_CarRacing.framework in Frameworks */,
			);
			runOnlyForDeploymentPostprocessing = 0;
		};
/* End PBXFrameworksBuildPhase section */

/* Begin PBXGroup section */
		430E81DB2B756E190007004D /* Application */ = {
			isa = PBXGroup;
			children = (
				439F5B212B7545FF00C0BB35 /* AppDelegate.swift */,
				439F5B232B7545FF00C0BB35 /* SceneDelegate.swift */,
				439F5B2A2B75460000C0BB35 /* Assets.xcassets */,
				439F5B2C2B75460000C0BB35 /* LaunchScreen.storyboard */,
				439F5B2F2B75460000C0BB35 /* Info.plist */,
			);
			path = Application;
			sourceTree = "<group>";
		};
		430E81DC2B756EA40007004D /* StartScreen */ = {
			isa = PBXGroup;
			children = (
				430E81DD2B7570FF0007004D /* StartView.swift */,
				439F5B252B7545FF00C0BB35 /* StartViewController.swift */,
			);
			path = StartScreen;
			sourceTree = "<group>";
		};
		432EF1C02B77D29A00FF771B /* RaceScreen */ = {
			isa = PBXGroup;
			children = (
				432EF1C12B77D2C800FF771B /* RaceViewController.swift */,
			);
			path = RaceScreen;
			sourceTree = "<group>";
		};
		432EF1C32B77D71200FF771B /* SettingsScreen */ = {
			isa = PBXGroup;
			children = (
				432EF1C52B77D73E00FF771B /* SettingsViewController.swift */,
			);
			path = SettingsScreen;
			sourceTree = "<group>";
		};
		432EF1C42B77D72300FF771B /* RecordsScreen */ = {
			isa = PBXGroup;
			children = (
				434E8D922B8B9B27004816BC /* RecordTableViewCell.swift */,
				432EF1C72B77D76600FF771B /* RecordsViewController.swift */,
			);
			path = RecordsScreen;
			sourceTree = "<group>";
		};
		432EF1CD2B825F4500FF771B /* Extensions */ = {
			isa = PBXGroup;
			children = (
				432EF1CB2B821B2900FF771B /* String.swift */,
				432EF1D02B825FBD00FF771B /* CGFloat.swift */,
				432EF1D22B82632E00FF771B /* UIFont.swift */,
				432EF1D62B8518E600FF771B /* Double.swift */,
			);
			path = Extensions;
			sourceTree = "<group>";
		};
		432EF2022B8A85A900FF771B /* Models */ = {
			isa = PBXGroup;
			children = (
				432EF2042B8A85CA00FF771B /* UserDataModel.swift */,
				434E8D902B8B9810004816BC /* RecordsAPI.swift */,
			);
			path = Models;
			sourceTree = "<group>";
		};
		439F5B152B7545FF00C0BB35 = {
			isa = PBXGroup;
			children = (
				439F5B202B7545FF00C0BB35 /* CarRacing */,
				439F5B1F2B7545FF00C0BB35 /* Products */,
				6A82370C66BA58F2FFECBFBF /* Pods */,
				B1753049784E4942CCA27A72 /* Frameworks */,
			);
			sourceTree = "<group>";
		};
		439F5B1F2B7545FF00C0BB35 /* Products */ = {
			isa = PBXGroup;
			children = (
				439F5B1E2B7545FF00C0BB35 /* CarRacing.app */,
			);
			name = Products;
			sourceTree = "<group>";
		};
		439F5B202B7545FF00C0BB35 /* CarRacing */ = {
			isa = PBXGroup;
			children = (
				430E81DB2B756E190007004D /* Application */,
				432EF2022B8A85A900FF771B /* Models */,
				430E81DC2B756EA40007004D /* StartScreen */,
				432EF1C02B77D29A00FF771B /* RaceScreen */,
				432EF1C32B77D71200FF771B /* SettingsScreen */,
				432EF1C42B77D72300FF771B /* RecordsScreen */,
				432EF1CD2B825F4500FF771B /* Extensions */,
			);
			path = CarRacing;
			sourceTree = "<group>";
		};
		6A82370C66BA58F2FFECBFBF /* Pods */ = {
			isa = PBXGroup;
			children = (
				F8CAE8CD0C316F2554054835 /* Pods-CarRacing.debug.xcconfig */,
				359D411BB49EF86784AD5A16 /* Pods-CarRacing.release.xcconfig */,
			);
			path = Pods;
			sourceTree = "<group>";
		};
		B1753049784E4942CCA27A72 /* Frameworks */ = {
			isa = PBXGroup;
			children = (
				1147A1E172391898F088B5E7 /* Pods_CarRacing.framework */,
			);
			name = Frameworks;
			sourceTree = "<group>";
		};
/* End PBXGroup section */

/* Begin PBXNativeTarget section */
		439F5B1D2B7545FF00C0BB35 /* CarRacing */ = {
			isa = PBXNativeTarget;
			buildConfigurationList = 439F5B322B75460000C0BB35 /* Build configuration list for PBXNativeTarget "CarRacing" */;
			buildPhases = (
				778EADD9E14F0B08429BF992 /* [CP] Check Pods Manifest.lock */,
				439F5B1A2B7545FF00C0BB35 /* Sources */,
				439F5B1B2B7545FF00C0BB35 /* Frameworks */,
				439F5B1C2B7545FF00C0BB35 /* Resources */,
				0B5080B71E4E59C27484BD33 /* [CP] Embed Pods Frameworks */,
			);
			buildRules = (
			);
			dependencies = (
			);
			name = CarRacing;
			productName = CarRacing;
			productReference = 439F5B1E2B7545FF00C0BB35 /* CarRacing.app */;
			productType = "com.apple.product-type.application";
		};
/* End PBXNativeTarget section */

/* Begin PBXProject section */
		439F5B162B7545FF00C0BB35 /* Project object */ = {
			isa = PBXProject;
			attributes = {
				BuildIndependentTargetsInParallel = 1;
				LastSwiftUpdateCheck = 1510;
				LastUpgradeCheck = 1510;
				TargetAttributes = {
					439F5B1D2B7545FF00C0BB35 = {
						CreatedOnToolsVersion = 15.1;
					};
				};
			};
			buildConfigurationList = 439F5B192B7545FF00C0BB35 /* Build configuration list for PBXProject "CarRacing" */;
			compatibilityVersion = "Xcode 14.0";
			developmentRegion = en;
			hasScannedForEncodings = 0;
			knownRegions = (
				en,
				Base,
			);
			mainGroup = 439F5B152B7545FF00C0BB35;
			productRefGroup = 439F5B1F2B7545FF00C0BB35 /* Products */;
			projectDirPath = "";
			projectRoot = "";
			targets = (
				439F5B1D2B7545FF00C0BB35 /* CarRacing */,
			);
		};
/* End PBXProject section */

/* Begin PBXResourcesBuildPhase section */
		439F5B1C2B7545FF00C0BB35 /* Resources */ = {
			isa = PBXResourcesBuildPhase;
			buildActionMask = 2147483647;
			files = (
				439F5B2E2B75460000C0BB35 /* LaunchScreen.storyboard in Resources */,
				439F5B2B2B75460000C0BB35 /* Assets.xcassets in Resources */,
			);
			runOnlyForDeploymentPostprocessing = 0;
		};
/* End PBXResourcesBuildPhase section */

/* Begin PBXShellScriptBuildPhase section */
		0B5080B71E4E59C27484BD33 /* [CP] Embed Pods Frameworks */ = {
			isa = PBXShellScriptBuildPhase;
			buildActionMask = 2147483647;
			files = (
			);
			inputFileListPaths = (
				"${PODS_ROOT}/Target Support Files/Pods-CarRacing/Pods-CarRacing-frameworks-${CONFIGURATION}-input-files.xcfilelist",
			);
			name = "[CP] Embed Pods Frameworks";
			outputFileListPaths = (
				"${PODS_ROOT}/Target Support Files/Pods-CarRacing/Pods-CarRacing-frameworks-${CONFIGURATION}-output-files.xcfilelist",
			);
			runOnlyForDeploymentPostprocessing = 0;
			shellPath = /bin/sh;
			shellScript = "\"${PODS_ROOT}/Target Support Files/Pods-CarRacing/Pods-CarRacing-frameworks.sh\"\n";
			showEnvVarsInLog = 0;
		};
		778EADD9E14F0B08429BF992 /* [CP] Check Pods Manifest.lock */ = {
			isa = PBXShellScriptBuildPhase;
			buildActionMask = 2147483647;
			files = (
			);
			inputFileListPaths = (
			);
			inputPaths = (
				"${PODS_PODFILE_DIR_PATH}/Podfile.lock",
				"${PODS_ROOT}/Manifest.lock",
			);
			name = "[CP] Check Pods Manifest.lock";
			outputFileListPaths = (
			);
			outputPaths = (
				"$(DERIVED_FILE_DIR)/Pods-CarRacing-checkManifestLockResult.txt",
			);
			runOnlyForDeploymentPostprocessing = 0;
			shellPath = /bin/sh;
			shellScript = "diff \"${PODS_PODFILE_DIR_PATH}/Podfile.lock\" \"${PODS_ROOT}/Manifest.lock\" > /dev/null\nif [ $? != 0 ] ; then\n    # print error to STDERR\n    echo \"error: The sandbox is not in sync with the Podfile.lock. Run 'pod install' or update your CocoaPods installation.\" >&2\n    exit 1\nfi\n# This output is used by Xcode 'outputs' to avoid re-running this script phase.\necho \"SUCCESS\" > \"${SCRIPT_OUTPUT_FILE_0}\"\n";
			showEnvVarsInLog = 0;
		};
/* End PBXShellScriptBuildPhase section */

/* Begin PBXSourcesBuildPhase section */
		439F5B1A2B7545FF00C0BB35 /* Sources */ = {
			isa = PBXSourcesBuildPhase;
			buildActionMask = 2147483647;
			files = (
				432EF2052B8A85CA00FF771B /* UserDataModel.swift in Sources */,
				439F5B262B7545FF00C0BB35 /* StartViewController.swift in Sources */,
				434E8D932B8B9B27004816BC /* RecordTableViewCell.swift in Sources */,
				432EF1D12B825FBD00FF771B /* CGFloat.swift in Sources */,
				434E8D912B8B9810004816BC /* RecordsAPI.swift in Sources */,
				432EF1C82B77D76600FF771B /* RecordsViewController.swift in Sources */,
				439F5B222B7545FF00C0BB35 /* AppDelegate.swift in Sources */,
				432EF1C22B77D2C800FF771B /* RaceViewController.swift in Sources */,
				432EF1D32B82632E00FF771B /* UIFont.swift in Sources */,
				439F5B242B7545FF00C0BB35 /* SceneDelegate.swift in Sources */,
				430E81DE2B7570FF0007004D /* StartView.swift in Sources */,
				432EF1C62B77D73E00FF771B /* SettingsViewController.swift in Sources */,
				432EF1D72B8518E600FF771B /* Double.swift in Sources */,
				432EF1CC2B821B2A00FF771B /* String.swift in Sources */,
			);
			runOnlyForDeploymentPostprocessing = 0;
		};
/* End PBXSourcesBuildPhase section */

/* Begin PBXVariantGroup section */
		439F5B2C2B75460000C0BB35 /* LaunchScreen.storyboard */ = {
			isa = PBXVariantGroup;
			children = (
				439F5B2D2B75460000C0BB35 /* Base */,
			);
			name = LaunchScreen.storyboard;
			sourceTree = "<group>";
		};
/* End PBXVariantGroup section */

/* Begin XCBuildConfiguration section */
		439F5B302B75460000C0BB35 /* Debug */ = {
			isa = XCBuildConfiguration;
			buildSettings = {
				ALWAYS_SEARCH_USER_PATHS = NO;
				ASSETCATALOG_COMPILER_GENERATE_SWIFT_ASSET_SYMBOL_EXTENSIONS = YES;
				CLANG_ANALYZER_NONNULL = YES;
				CLANG_ANALYZER_NUMBER_OBJECT_CONVERSION = YES_AGGRESSIVE;
				CLANG_CXX_LANGUAGE_STANDARD = "gnu++20";
				CLANG_ENABLE_MODULES = YES;
				CLANG_ENABLE_OBJC_ARC = YES;
				CLANG_ENABLE_OBJC_WEAK = YES;
				CLANG_WARN_BLOCK_CAPTURE_AUTORELEASING = YES;
				CLANG_WARN_BOOL_CONVERSION = YES;
				CLANG_WARN_COMMA = YES;
				CLANG_WARN_CONSTANT_CONVERSION = YES;
				CLANG_WARN_DEPRECATED_OBJC_IMPLEMENTATIONS = YES;
				CLANG_WARN_DIRECT_OBJC_ISA_USAGE = YES_ERROR;
				CLANG_WARN_DOCUMENTATION_COMMENTS = YES;
				CLANG_WARN_EMPTY_BODY = YES;
				CLANG_WARN_ENUM_CONVERSION = YES;
				CLANG_WARN_INFINITE_RECURSION = YES;
				CLANG_WARN_INT_CONVERSION = YES;
				CLANG_WARN_NON_LITERAL_NULL_CONVERSION = YES;
				CLANG_WARN_OBJC_IMPLICIT_RETAIN_SELF = YES;
				CLANG_WARN_OBJC_LITERAL_CONVERSION = YES;
				CLANG_WARN_OBJC_ROOT_CLASS = YES_ERROR;
				CLANG_WARN_QUOTED_INCLUDE_IN_FRAMEWORK_HEADER = YES;
				CLANG_WARN_RANGE_LOOP_ANALYSIS = YES;
				CLANG_WARN_STRICT_PROTOTYPES = YES;
				CLANG_WARN_SUSPICIOUS_MOVE = YES;
				CLANG_WARN_UNGUARDED_AVAILABILITY = YES_AGGRESSIVE;
				CLANG_WARN_UNREACHABLE_CODE = YES;
				CLANG_WARN__DUPLICATE_METHOD_MATCH = YES;
				COPY_PHASE_STRIP = NO;
				DEBUG_INFORMATION_FORMAT = dwarf;
				ENABLE_STRICT_OBJC_MSGSEND = YES;
				ENABLE_TESTABILITY = YES;
				ENABLE_USER_SCRIPT_SANDBOXING = YES;
				GCC_C_LANGUAGE_STANDARD = gnu17;
				GCC_DYNAMIC_NO_PIC = NO;
				GCC_NO_COMMON_BLOCKS = YES;
				GCC_OPTIMIZATION_LEVEL = 0;
				GCC_PREPROCESSOR_DEFINITIONS = (
					"DEBUG=1",
					"$(inherited)",
				);
				GCC_WARN_64_TO_32_BIT_CONVERSION = YES;
				GCC_WARN_ABOUT_RETURN_TYPE = YES_ERROR;
				GCC_WARN_UNDECLARED_SELECTOR = YES;
				GCC_WARN_UNINITIALIZED_AUTOS = YES_AGGRESSIVE;
				GCC_WARN_UNUSED_FUNCTION = YES;
				GCC_WARN_UNUSED_VARIABLE = YES;
				IPHONEOS_DEPLOYMENT_TARGET = 17.2;
				LOCALIZATION_PREFERS_STRING_CATALOGS = YES;
				MTL_ENABLE_DEBUG_INFO = INCLUDE_SOURCE;
				MTL_FAST_MATH = YES;
				ONLY_ACTIVE_ARCH = YES;
				SDKROOT = iphoneos;
				SWIFT_ACTIVE_COMPILATION_CONDITIONS = "DEBUG $(inherited)";
				SWIFT_OPTIMIZATION_LEVEL = "-Onone";
			};
			name = Debug;
		};
		439F5B312B75460000C0BB35 /* Release */ = {
			isa = XCBuildConfiguration;
			buildSettings = {
				ALWAYS_SEARCH_USER_PATHS = NO;
				ASSETCATALOG_COMPILER_GENERATE_SWIFT_ASSET_SYMBOL_EXTENSIONS = YES;
				CLANG_ANALYZER_NONNULL = YES;
				CLANG_ANALYZER_NUMBER_OBJECT_CONVERSION = YES_AGGRESSIVE;
				CLANG_CXX_LANGUAGE_STANDARD = "gnu++20";
				CLANG_ENABLE_MODULES = YES;
				CLANG_ENABLE_OBJC_ARC = YES;
				CLANG_ENABLE_OBJC_WEAK = YES;
				CLANG_WARN_BLOCK_CAPTURE_AUTORELEASING = YES;
				CLANG_WARN_BOOL_CONVERSION = YES;
				CLANG_WARN_COMMA = YES;
				CLANG_WARN_CONSTANT_CONVERSION = YES;
				CLANG_WARN_DEPRECATED_OBJC_IMPLEMENTATIONS = YES;
				CLANG_WARN_DIRECT_OBJC_ISA_USAGE = YES_ERROR;
				CLANG_WARN_DOCUMENTATION_COMMENTS = YES;
				CLANG_WARN_EMPTY_BODY = YES;
				CLANG_WARN_ENUM_CONVERSION = YES;
				CLANG_WARN_INFINITE_RECURSION = YES;
				CLANG_WARN_INT_CONVERSION = YES;
				CLANG_WARN_NON_LITERAL_NULL_CONVERSION = YES;
				CLANG_WARN_OBJC_IMPLICIT_RETAIN_SELF = YES;
				CLANG_WARN_OBJC_LITERAL_CONVERSION = YES;
				CLANG_WARN_OBJC_ROOT_CLASS = YES_ERROR;
				CLANG_WARN_QUOTED_INCLUDE_IN_FRAMEWORK_HEADER = YES;
				CLANG_WARN_RANGE_LOOP_ANALYSIS = YES;
				CLANG_WARN_STRICT_PROTOTYPES = YES;
				CLANG_WARN_SUSPICIOUS_MOVE = YES;
				CLANG_WARN_UNGUARDED_AVAILABILITY = YES_AGGRESSIVE;
				CLANG_WARN_UNREACHABLE_CODE = YES;
				CLANG_WARN__DUPLICATE_METHOD_MATCH = YES;
				COPY_PHASE_STRIP = NO;
				DEBUG_INFORMATION_FORMAT = "dwarf-with-dsym";
				ENABLE_NS_ASSERTIONS = NO;
				ENABLE_STRICT_OBJC_MSGSEND = YES;
				ENABLE_USER_SCRIPT_SANDBOXING = YES;
				GCC_C_LANGUAGE_STANDARD = gnu17;
				GCC_NO_COMMON_BLOCKS = YES;
				GCC_WARN_64_TO_32_BIT_CONVERSION = YES;
				GCC_WARN_ABOUT_RETURN_TYPE = YES_ERROR;
				GCC_WARN_UNDECLARED_SELECTOR = YES;
				GCC_WARN_UNINITIALIZED_AUTOS = YES_AGGRESSIVE;
				GCC_WARN_UNUSED_FUNCTION = YES;
				GCC_WARN_UNUSED_VARIABLE = YES;
				IPHONEOS_DEPLOYMENT_TARGET = 17.2;
				LOCALIZATION_PREFERS_STRING_CATALOGS = YES;
				MTL_ENABLE_DEBUG_INFO = NO;
				MTL_FAST_MATH = YES;
				SDKROOT = iphoneos;
				SWIFT_COMPILATION_MODE = wholemodule;
				VALIDATE_PRODUCT = YES;
			};
			name = Release;
		};
		439F5B332B75460000C0BB35 /* Debug */ = {
			isa = XCBuildConfiguration;
			baseConfigurationReference = F8CAE8CD0C316F2554054835 /* Pods-CarRacing.debug.xcconfig */;
			buildSettings = {
				ASSETCATALOG_COMPILER_APPICON_NAME = AppIcon;
				ASSETCATALOG_COMPILER_GLOBAL_ACCENT_COLOR_NAME = AccentColor;
				CODE_SIGN_STYLE = Automatic;
				CURRENT_PROJECT_VERSION = 1;
				DEVELOPMENT_TEAM = 8545KP6MGS;
				ENABLE_USER_SCRIPT_SANDBOXING = NO;
				GENERATE_INFOPLIST_FILE = YES;
				INFOPLIST_FILE = CarRacing/Application/Info.plist;
				INFOPLIST_KEY_UIApplicationSupportsIndirectInputEvents = YES;
				INFOPLIST_KEY_UILaunchStoryboardName = LaunchScreen;
				INFOPLIST_KEY_UISupportedInterfaceOrientations = UIInterfaceOrientationPortrait;
				INFOPLIST_KEY_UISupportedInterfaceOrientations_iPad = "UIInterfaceOrientationLandscapeLeft UIInterfaceOrientationLandscapeRight UIInterfaceOrientationPortrait UIInterfaceOrientationPortraitUpsideDown";
				IPHONEOS_DEPLOYMENT_TARGET = 14.0;
				LD_RUNPATH_SEARCH_PATHS = (
					"$(inherited)",
					"@executable_path/Frameworks",
				);
				MARKETING_VERSION = 1.0;
				PRODUCT_BUNDLE_IDENTIFIER = TyumenevIF.CarRacing;
				PRODUCT_NAME = "$(TARGET_NAME)";
				SUPPORTED_PLATFORMS = "iphoneos iphonesimulator";
				SUPPORTS_MACCATALYST = NO;
				SUPPORTS_MAC_DESIGNED_FOR_IPHONE_IPAD = NO;
				SWIFT_EMIT_LOC_STRINGS = YES;
				SWIFT_VERSION = 5.0;
				TARGETED_DEVICE_FAMILY = 1;
			};
			name = Debug;
		};
		439F5B342B75460000C0BB35 /* Release */ = {
			isa = XCBuildConfiguration;
			baseConfigurationReference = 359D411BB49EF86784AD5A16 /* Pods-CarRacing.release.xcconfig */;
			buildSettings = {
				ASSETCATALOG_COMPILER_APPICON_NAME = AppIcon;
				ASSETCATALOG_COMPILER_GLOBAL_ACCENT_COLOR_NAME = AccentColor;
				CODE_SIGN_STYLE = Automatic;
				CURRENT_PROJECT_VERSION = 1;
				DEVELOPMENT_TEAM = 8545KP6MGS;
				ENABLE_USER_SCRIPT_SANDBOXING = NO;
				GENERATE_INFOPLIST_FILE = YES;
				INFOPLIST_FILE = CarRacing/Application/Info.plist;
				INFOPLIST_KEY_UIApplicationSupportsIndirectInputEvents = YES;
				INFOPLIST_KEY_UILaunchStoryboardName = LaunchScreen;
				INFOPLIST_KEY_UISupportedInterfaceOrientations = UIInterfaceOrientationPortrait;
				INFOPLIST_KEY_UISupportedInterfaceOrientations_iPad = "UIInterfaceOrientationLandscapeLeft UIInterfaceOrientationLandscapeRight UIInterfaceOrientationPortrait UIInterfaceOrientationPortraitUpsideDown";
				IPHONEOS_DEPLOYMENT_TARGET = 14.0;
				LD_RUNPATH_SEARCH_PATHS = (
					"$(inherited)",
					"@executable_path/Frameworks",
				);
				MARKETING_VERSION = 1.0;
				PRODUCT_BUNDLE_IDENTIFIER = TyumenevIF.CarRacing;
				PRODUCT_NAME = "$(TARGET_NAME)";
				SUPPORTED_PLATFORMS = "iphoneos iphonesimulator";
				SUPPORTS_MACCATALYST = NO;
				SUPPORTS_MAC_DESIGNED_FOR_IPHONE_IPAD = NO;
				SWIFT_EMIT_LOC_STRINGS = YES;
				SWIFT_VERSION = 5.0;
				TARGETED_DEVICE_FAMILY = 1;
			};
			name = Release;
		};
/* End XCBuildConfiguration section */

/* Begin XCConfigurationList section */
		439F5B192B7545FF00C0BB35 /* Build configuration list for PBXProject "CarRacing" */ = {
			isa = XCConfigurationList;
			buildConfigurations = (
				439F5B302B75460000C0BB35 /* Debug */,
				439F5B312B75460000C0BB35 /* Release */,
			);
			defaultConfigurationIsVisible = 0;
			defaultConfigurationName = Release;
		};
		439F5B322B75460000C0BB35 /* Build configuration list for PBXNativeTarget "CarRacing" */ = {
			isa = XCConfigurationList;
			buildConfigurations = (
				439F5B332B75460000C0BB35 /* Debug */,
				439F5B342B75460000C0BB35 /* Release */,
			);
			defaultConfigurationIsVisible = 0;
			defaultConfigurationName = Release;
		};
/* End XCConfigurationList section */
	};
	rootObject = 439F5B162B7545FF00C0BB35 /* Project object */;
}
